
Microsoft Visual Studio Solution File, Format Version 12.00
# Visual Studio Version 16
VisualStudioVersion = 16.0.28822.285
MinimumVisualStudioVersion = 10.0.40219.1
Project("{FAE04EC0-301F-11D3-BF4B-00C04F79EFBC}") = "Akka.Cluster.Management.Cli", "Akka.Cluster.Management.Cli\Akka.Cluster.Management.Cli.csproj", "{99A1864A-E1F3-466C-B12C-A30EC554C867}"
EndProject
Project("{2150E333-8FDC-42A3-9474-1A3956D46DE8}") = "Solution Items", "Solution Items", "{9897A0A9-B4E7-4438-97D2-8D253A6132C1}"
	ProjectSection(SolutionItems) = preProject
		..\README.md = ..\README.md
		..\RELEASE_NOTES.md = ..\RELEASE_NOTES.md
	EndProjectSection
EndProject
Project("{2150E333-8FDC-42A3-9474-1A3956D46DE8}") = "Examples", "Examples", "{1407C8E9-DAA4-464B-BE67-213BCFDF7D2F}"
EndProject
Project("{FAE04EC0-301F-11D3-BF4B-00C04F79EFBC}") = "Akka.Cluster.Management.Host", "examples\Akka.Cluster.Management.Host\Akka.Cluster.Management.Host.csproj", "{56F1F913-97F9-4252-820E-7358147B1A8C}"
EndProject
Project("{9A19103F-16F7-4668-BE54-9A1E7A4F7556}") = "Akka.Cluster.Management", "Akka.Cluster.Management\Akka.Cluster.Management.csproj", "{F79EC05D-E3E1-4477-B683-6653C2EEB3A2}"
EndProject
Project("{FAE04EC0-301F-11D3-BF4B-00C04F79EFBC}") = "Akka.Cluster.Management.Cli.Tests", "Akka.Cluster.Management.Cli.Tests\Akka.Cluster.Management.Cli.Tests.csproj", "{B2226B7A-690A-4728-BE42-7E418987EBAB}"
EndProject
Global
	GlobalSection(SolutionConfigurationPlatforms) = preSolution
		Debug|Any CPU = Debug|Any CPU
		Release|Any CPU = Release|Any CPU
	EndGlobalSection
	GlobalSection(ProjectConfigurationPlatforms) = postSolution
		{99A1864A-E1F3-466C-B12C-A30EC554C867}.Debug|Any CPU.ActiveCfg = Debug|Any CPU
		{99A1864A-E1F3-466C-B12C-A30EC554C867}.Debug|Any CPU.Build.0 = Debug|Any CPU
		{99A1864A-E1F3-466C-B12C-A30EC554C867}.Release|Any CPU.ActiveCfg = Release|Any CPU
		{99A1864A-E1F3-466C-B12C-A30EC554C867}.Release|Any CPU.Build.0 = Release|Any CPU
		{56F1F913-97F9-4252-820E-7358147B1A8C}.Debug|Any CPU.ActiveCfg = Debug|Any CPU
		{56F1F913-97F9-4252-820E-7358147B1A8C}.Debug|Any CPU.Build.0 = Debug|Any CPU
		{56F1F913-97F9-4252-820E-7358147B1A8C}.Release|Any CPU.ActiveCfg = Release|Any CPU
		{56F1F913-97F9-4252-820E-7358147B1A8C}.Release|Any CPU.Build.0 = Release|Any CPU
		{F79EC05D-E3E1-4477-B683-6653C2EEB3A2}.Debug|Any CPU.ActiveCfg = Debug|Any CPU
		{F79EC05D-E3E1-4477-B683-6653C2EEB3A2}.Debug|Any CPU.Build.0 = Debug|Any CPU
		{F79EC05D-E3E1-4477-B683-6653C2EEB3A2}.Release|Any CPU.ActiveCfg = Release|Any CPU
		{F79EC05D-E3E1-4477-B683-6653C2EEB3A2}.Release|Any CPU.Build.0 = Release|Any CPU
		{B2226B7A-690A-4728-BE42-7E418987EBAB}.Debug|Any CPU.ActiveCfg = Debug|Any CPU
		{B2226B7A-690A-4728-BE42-7E418987EBAB}.Debug|Any CPU.Build.0 = Debug|Any CPU
		{B2226B7A-690A-4728-BE42-7E418987EBAB}.Release|Any CPU.ActiveCfg = Release|Any CPU
		{B2226B7A-690A-4728-BE42-7E418987EBAB}.Release|Any CPU.Build.0 = Release|Any CPU
	EndGlobalSection
	GlobalSection(SolutionProperties) = preSolution
		HideSolutionNode = FALSE
	EndGlobalSection
	GlobalSection(NestedProjects) = preSolution
		{56F1F913-97F9-4252-820E-7358147B1A8C} = {1407C8E9-DAA4-464B-BE67-213BCFDF7D2F}
	EndGlobalSection
	GlobalSection(ExtensibilityGlobals) = postSolution
		SolutionGuid = {15301095-C152-475E-AE18-B5F446DCFCDD}
	EndGlobalSection
EndGlobal
